
Microsoft Visual Studio Solution File, Format Version 12.00
# Visual Studio Version 17
VisualStudioVersion = 17.1.32407.343
MinimumVisualStudioVersion = 10.0.40219.1
Project("{2150E333-8FDC-42A3-9474-1A3956D46DE8}") = "Service", "Service", "{682855A7-3F8D-4879-9DB1-0815869CF76C}"
EndProject
Project("{2150E333-8FDC-42A3-9474-1A3956D46DE8}") = "Common", "Common", "{D516A17E-E81B-41AD-BA93-CBD7BF99EB6C}"
EndProject
Project("{2150E333-8FDC-42A3-9474-1A3956D46DE8}") = "src", "src", "{8F4397B4-6C4A-491B-9573-4DE2EF522F2F}"
EndProject
Project("{2150E333-8FDC-42A3-9474-1A3956D46DE8}") = "test", "test", "{D8EB5F4C-EFA6-4150-B65E-446021D42880}"
EndProject
Project("{2150E333-8FDC-42A3-9474-1A3956D46DE8}") = "solutionItem", "solutionItem", "{8B94E495-56BE-426B-A285-DB2232D54786}"
	ProjectSection(SolutionItems) = preProject
		Directory.Build.targets = Directory.Build.targets
	EndProjectSection
EndProject
Project("{2150E333-8FDC-42A3-9474-1A3956D46DE8}") = "CasheProvider", "CasheProvider", "{F106AEF8-05B5-4102-8E1A-0AD5F4E66FC1}"
EndProject
Project("{9A19103F-16F7-4668-BE54-9A1E7A4F7556}") = "CacheHelper", "src\Common\CasheProvider\CacheHelper\CacheHelper.csproj", "{D7661DDB-5864-4C34-9598-AB83E471E7B7}"
EndProject
Project("{9A19103F-16F7-4668-BE54-9A1E7A4F7556}") = "ObjectPoolHelper", "src\Common\CasheProvider\ObjectPoolHelper\ObjectPoolHelper.csproj", "{7E3498CF-331D-46F0-92D4-9B3E2B4C31F8}"
EndProject
Project("{9A19103F-16F7-4668-BE54-9A1E7A4F7556}") = "RedisConnectionHelper", "src\Common\CasheProvider\RedisConnectionHelper\RedisConnectionHelper.csproj", "{7025A28C-55C1-483E-A895-45E26C0A27EF}"
EndProject
Project("{2150E333-8FDC-42A3-9474-1A3956D46DE8}") = "EventBusProvider", "EventBusProvider", "{FE6B6CB3-817F-4D0E-BF7F-824F0ACDE2C4}"
EndProject
Project("{9A19103F-16F7-4668-BE54-9A1E7A4F7556}") = "EventBus", "src\Common\Common.EventBus\EventBus\EventBus.csproj", "{AA494218-9072-4D06-9B99-C7EB7EC623B8}"
EndProject
Project("{9A19103F-16F7-4668-BE54-9A1E7A4F7556}") = "EventBusRabbitMQ", "src\Common\Common.EventBus\EventBusRabbitMQ\EventBusRabbitMQ.csproj", "{2B23F3DB-51DB-4B00-897E-6A13920FF5FC}"
EndProject
Project("{9A19103F-16F7-4668-BE54-9A1E7A4F7556}") = "EventBusServiceBus", "src\Common\Common.EventBus\EventBusServiceBus\EventBusServiceBus.csproj", "{D0BD4050-5216-4E90-A6CD-46DFD7AEC421}"
EndProject
Project("{9A19103F-16F7-4668-BE54-9A1E7A4F7556}") = "IntegrationEventLogEF", "src\Common\Common.EventBus\IntegrationEventLogEF\IntegrationEventLogEF.csproj", "{CD9D327B-E903-44DB-AA0E-AC92E82E3634}"
EndProject
Project("{2150E333-8FDC-42A3-9474-1A3956D46DE8}") = "Query", "Query", "{8F4BB261-1C75-4EBD-826D-EE6D2B34FDC0}"
EndProject
Project("{2150E333-8FDC-42A3-9474-1A3956D46DE8}") = "Domain", "Domain", "{99E577BC-A6DE-4BB7-B4BF-FE6F2FD79993}"
EndProject
Project("{2150E333-8FDC-42A3-9474-1A3956D46DE8}") = "Application", "Application", "{A9214453-81EC-4709-B1C5-293EEEA59A1C}"
EndProject
Project("{2150E333-8FDC-42A3-9474-1A3956D46DE8}") = "Infrastructure", "Infrastructure", "{54F4E2C4-1B38-43B6-86EA-9A0778F9D980}"
EndProject
Project("{2150E333-8FDC-42A3-9474-1A3956D46DE8}") = "Contract", "Contract", "{3D6E999E-89B5-4685-9F43-A2FE6DD1F863}"
EndProject
Project("{9A19103F-16F7-4668-BE54-9A1E7A4F7556}") = "Caching.Abstractions", "src\Common\CasheProvider\Caching.Abstractions\Caching.Abstractions.csproj", "{660AA7D6-F0E4-4D54-8F8C-008221065BC5}"
EndProject
Project("{9A19103F-16F7-4668-BE54-9A1E7A4F7556}") = "Caching.InMemory", "src\Common\CasheProvider\Caching.InMemory\Caching.InMemory.csproj", "{D59EAD1D-0CFA-4722-86C9-FD41ECADD489}"
EndProject
Project("{9A19103F-16F7-4668-BE54-9A1E7A4F7556}") = "Caching.Redis", "src\Common\CasheProvider\Caching.Redis\Caching.Redis.csproj", "{29AFCE36-AC47-4429-8233-092ACCEDDC52}"
EndProject
Project("{9A19103F-16F7-4668-BE54-9A1E7A4F7556}") = "Redis.StackExchange", "src\Common\CasheProvider\Redis.StackExchange\Redis.StackExchange.csproj", "{5D3E4BD1-A1D3-4689-8413-344D6550B21E}"
EndProject
Project("{9A19103F-16F7-4668-BE54-9A1E7A4F7556}") = "Serializer", "src\Common\CasheProvider\Serializer\Serializer.csproj", "{0D7A9EBF-35DF-47C9-9E5C-B6B6349ACCD6}"
EndProject
Project("{9A19103F-16F7-4668-BE54-9A1E7A4F7556}") = "Serializer.ProtoBuf", "src\Common\CasheProvider\Serializer.ProtoBuf\Serializer.ProtoBuf.csproj", "{2B972F45-3F70-479E-8126-7B0CA18DE5D3}"
EndProject
Project("{2150E333-8FDC-42A3-9474-1A3956D46DE8}") = "Framework", "Framework", "{C7B7CAD3-2B6B-4061-B7EA-219F5D84F136}"
EndProject
Project("{2150E333-8FDC-42A3-9474-1A3956D46DE8}") = "Core", "Core", "{816342A0-E93E-4670-AEBE-86FCB1D07FB7}"
EndProject
Project("{9A19103F-16F7-4668-BE54-9A1E7A4F7556}") = "Framework.Core", "src\Framework\Core\Framework.Core\Framework.Core.csproj", "{7646BED2-7080-4D0B-8962-791AB30D249F}"
EndProject
Project("{9A19103F-16F7-4668-BE54-9A1E7A4F7556}") = "Framework.Core.Domain", "src\Framework\Core\Framework.Core.Domain\Framework.Core.Domain.csproj", "{68CF6F65-1065-4859-9A0E-304C3FD9850C}"
EndProject
Project("{9A19103F-16F7-4668-BE54-9A1E7A4F7556}") = "Framework.Core.ExceptionHandling", "src\Framework\Core\Framework.Core.ExceptionHandling\Framework.Core.ExceptionHandling.csproj", "{C0F01149-6B46-4EB5-9864-1BDC16BBCBB2}"
EndProject
Project("{9A19103F-16F7-4668-BE54-9A1E7A4F7556}") = "Framework.Core.Logging", "src\Framework\Core\Framework.Core.Logging\Framework.Core.Logging.csproj", "{A05A1519-5052-47DD-86D1-0352CEC77FA4}"
EndProject
Project("{9A19103F-16F7-4668-BE54-9A1E7A4F7556}") = "Framework.Core.Query", "src\Framework\Core\Framework.Core.Query\Framework.Core.Query.csproj", "{60F7F89A-B559-48DF-B80E-B84200C2DA47}"
EndProject
Project("{9A19103F-16F7-4668-BE54-9A1E7A4F7556}") = "Framework.Core.Security", "src\Framework\Core\Framework.Core.Security\Framework.Core.Security.csproj", "{644A1FAB-ECB8-4B5C-A613-EE9ED68AAEC4}"
EndProject
Project("{2150E333-8FDC-42A3-9474-1A3956D46DE8}") = "Logging", "Logging", "{7E2964FB-5590-46CF-8FB9-D4B874DBCBA1}"
EndProject
Project("{9A19103F-16F7-4668-BE54-9A1E7A4F7556}") = "Framework.Logging", "src\Framework\Logging\Framework.Logging\Framework.Logging.csproj", "{C69EBE89-2834-438D-9187-70B82453BBFA}"
EndProject
Project("{9A19103F-16F7-4668-BE54-9A1E7A4F7556}") = "Framework.Logging.Sentry", "src\Framework\Logging\Framework.Logging.Sentry\Framework.Logging.Sentry.csproj", "{02B4AF48-8B7F-4321-8183-B63130B9DD17}"
EndProject
Project("{2150E333-8FDC-42A3-9474-1A3956D46DE8}") = "Security", "Security", "{D2F4C66B-B944-4E02-9449-D37007FCFBC1}"
EndProject
Project("{9A19103F-16F7-4668-BE54-9A1E7A4F7556}") = "Framework.Security", "src\Framework\Security\Framework.Security\Framework.Security.csproj", "{5415F5BE-F76D-45C4-B006-EC87DB687160}"
EndProject
Project("{2150E333-8FDC-42A3-9474-1A3956D46DE8}") = "Web", "Web", "{16D0ACBC-1579-4B67-9130-E740C8F4E78E}"
EndProject
Project("{9A19103F-16F7-4668-BE54-9A1E7A4F7556}") = "Framework.Web.Api", "src\Framework\Web\Framework.Web.Api\Framework.Web.Api.csproj", "{DA71AAB0-06ED-4652-AC1F-6BE43BAD9B28}"
EndProject
Project("{9A19103F-16F7-4668-BE54-9A1E7A4F7556}") = "Framework.Core.Spatial", "src\Framework\Core\Framework.Core.Spatial\Framework.Core.Spatial.csproj", "{C2E61C06-5BFA-4A9D-8086-AF0CA498B0B1}"
EndProject
Project("{9A19103F-16F7-4668-BE54-9A1E7A4F7556}") = "OFood.Shop.Domain.Test", "test\OFood.Shop.Domain.Test\OFood.Shop.Domain.Test.csproj", "{DECF5CA0-7837-40B4-8548-120C94954306}"
EndProject
Project("{9A19103F-16F7-4668-BE54-9A1E7A4F7556}") = "OFood.Shop.Integration.Test", "test\OFood.Shop.Integration.Test\OFood.Shop.Integration.Test.csproj", "{C23636BE-2FF4-41D4-B52B-926A50A9BB88}"
EndProject
Project("{9A19103F-16F7-4668-BE54-9A1E7A4F7556}") = "OFood.Shop.TestUtilities", "test\OFood.Shop.TestUtilities\OFood.Shop.TestUtilities.csproj", "{B65E4812-02D3-42DD-BE33-2C618C0C8AD6}"
EndProject
Project("{9A19103F-16F7-4668-BE54-9A1E7A4F7556}") = "OFood.Shop.Common", "src\Common\OFood.Shop.Common\OFood.Shop.Common.csproj", "{3F3CA40A-E66F-4F38-B705-2893442BDACA}"
EndProject
Project("{9A19103F-16F7-4668-BE54-9A1E7A4F7556}") = "OFood.Shop.Query", "src\Query\OFood.Shop.Query\OFood.Shop.Query.csproj", "{87AB52AB-29C4-44CF-9658-194C96EA12C3}"
EndProject
Project("{9A19103F-16F7-4668-BE54-9A1E7A4F7556}") = "OFood.Shop.Infrastructure", "src\Infrastructure\OFood.Shop.Infrastructure\OFood.Shop.Infrastructure.csproj", "{8B1B2C22-3E14-4D4C-BC18-1E5EDF08662B}"
EndProject
Project("{9A19103F-16F7-4668-BE54-9A1E7A4F7556}") = "OFood.Shop.Domain", "src\Domain\OFood.Shop.Domain\OFood.Shop.Domain.csproj", "{AAD3C8D5-A183-4BCC-A37C-8C91A70CE069}"
EndProject
Project("{9A19103F-16F7-4668-BE54-9A1E7A4F7556}") = "OFood.Shop.Application.Contract", "src\Application\OFood.Shop.Application.Contract\OFood.Shop.Application.Contract.csproj", "{19639286-6D8A-40E1-8477-B9436A3608B7}"
EndProject
Project("{9A19103F-16F7-4668-BE54-9A1E7A4F7556}") = "OFood.Shop.Facade", "src\Service\OFood.Shop.Facade\OFood.Shop.Facade.csproj", "{BE2E910D-5BE7-4890-BF2F-ACC8B85D7C8E}"
EndProject
Project("{9A19103F-16F7-4668-BE54-9A1E7A4F7556}") = "OFood.Shop.Api", "src\Service\OFood.Shop.Api\OFood.Shop.Api.csproj", "{141966E1-9573-44A7-BF49-94EAC0A58D5B}"
EndProject
Project("{9A19103F-16F7-4668-BE54-9A1E7A4F7556}") = "OFood.Shop.Application", "src\Application\OFood.Shop.Application\OFood.Shop.Application.csproj", "{525CFBC4-3B67-48E9-8A2A-B10297322C67}"
EndProject
Project("{9A19103F-16F7-4668-BE54-9A1E7A4F7556}") = "Security", "src\Common\Security\Security.csproj", "{970324D3-722A-441D-A458-812DD70A226A}"
EndProject
Project("{2150E333-8FDC-42A3-9474-1A3956D46DE8}") = "ThirdPartyService", "ThirdPartyService", "{91DC0E4E-9C21-46A2-9994-74D1573BB892}"
EndProject
Project("{2150E333-8FDC-42A3-9474-1A3956D46DE8}") = "MapService", "MapService", "{685613AA-6962-4BD4-9595-0912C165B431}"
EndProject
Project("{2150E333-8FDC-42A3-9474-1A3956D46DE8}") = "Config", "Config", "{F3D3846F-972A-4B10-BCDB-C9FC86CBDB4A}"
EndProject
Project("{9A19103F-16F7-4668-BE54-9A1E7A4F7556}") = "MapService", "src\ThirdPartyService\MapService\MapService.csproj", "{33DC1600-B901-4EED-B1D7-4BEA2E558CB4}"
EndProject
Project("{9A19103F-16F7-4668-BE54-9A1E7A4F7556}") = "OFood.Shop.Config", "src\Config\OFood.Shop.Config\OFood.Shop.Config.csproj", "{B8FA41E6-CAAC-42D9-ADBA-33EBF4DAA2B8}"
EndProject
Project("{2150E333-8FDC-42A3-9474-1A3956D46DE8}") = "Security", "Security", "{26EF108A-DA90-4F8D-976C-6050FE675AF9}"
EndProject
Project("{9A19103F-16F7-4668-BE54-9A1E7A4F7556}") = "UserManagement.Security", "src\Security\UserManagement.Security.csproj", "{4AFEAD71-357B-4B20-9008-39922CEF063F}"
EndProject
Project("{2150E333-8FDC-42A3-9474-1A3956D46DE8}") = "SmsService", "SmsService", "{DA6BAAB2-7508-4289-9AEC-2C7CE03BEF92}"
EndProject
Project("{9A19103F-16F7-4668-BE54-9A1E7A4F7556}") = "SmsService", "src\ThirdPartyService\SmsService\SmsService.csproj", "{A49B025A-35E5-4126-9C5F-0C800DAA5ED9}"
EndProject
Project("{2150E333-8FDC-42A3-9474-1A3956D46DE8}") = "Submodules", "Submodules", "{24299046-FD37-41A5-8647-EBBA92FE97C9}"
EndProject
Project("{9A19103F-16F7-4668-BE54-9A1E7A4F7556}") = "OFood.Domain", "OFood.Domain\OFood.Domain\OFood.Domain.csproj", "{DE5C9F6D-A50A-4615-A0B7-E92CBF403982}"
EndProject
Global
	GlobalSection(SolutionConfigurationPlatforms) = preSolution
		Debug|Any CPU = Debug|Any CPU
		Release|Any CPU = Release|Any CPU
	EndGlobalSection
	GlobalSection(ProjectConfigurationPlatforms) = postSolution
		{D7661DDB-5864-4C34-9598-AB83E471E7B7}.Debug|Any CPU.ActiveCfg = Debug|Any CPU
		{D7661DDB-5864-4C34-9598-AB83E471E7B7}.Debug|Any CPU.Build.0 = Debug|Any CPU
		{D7661DDB-5864-4C34-9598-AB83E471E7B7}.Release|Any CPU.ActiveCfg = Release|Any CPU
		{D7661DDB-5864-4C34-9598-AB83E471E7B7}.Release|Any CPU.Build.0 = Release|Any CPU
		{7E3498CF-331D-46F0-92D4-9B3E2B4C31F8}.Debug|Any CPU.ActiveCfg = Debug|Any CPU
		{7E3498CF-331D-46F0-92D4-9B3E2B4C31F8}.Debug|Any CPU.Build.0 = Debug|Any CPU
		{7E3498CF-331D-46F0-92D4-9B3E2B4C31F8}.Release|Any CPU.ActiveCfg = Release|Any CPU
		{7E3498CF-331D-46F0-92D4-9B3E2B4C31F8}.Release|Any CPU.Build.0 = Release|Any CPU
		{7025A28C-55C1-483E-A895-45E26C0A27EF}.Debug|Any CPU.ActiveCfg = Debug|Any CPU
		{7025A28C-55C1-483E-A895-45E26C0A27EF}.Debug|Any CPU.Build.0 = Debug|Any CPU
		{7025A28C-55C1-483E-A895-45E26C0A27EF}.Release|Any CPU.ActiveCfg = Release|Any CPU
		{7025A28C-55C1-483E-A895-45E26C0A27EF}.Release|Any CPU.Build.0 = Release|Any CPU
		{AA494218-9072-4D06-9B99-C7EB7EC623B8}.Debug|Any CPU.ActiveCfg = Debug|Any CPU
		{AA494218-9072-4D06-9B99-C7EB7EC623B8}.Debug|Any CPU.Build.0 = Debug|Any CPU
		{AA494218-9072-4D06-9B99-C7EB7EC623B8}.Release|Any CPU.ActiveCfg = Release|Any CPU
		{AA494218-9072-4D06-9B99-C7EB7EC623B8}.Release|Any CPU.Build.0 = Release|Any CPU
		{2B23F3DB-51DB-4B00-897E-6A13920FF5FC}.Debug|Any CPU.ActiveCfg = Debug|Any CPU
		{2B23F3DB-51DB-4B00-897E-6A13920FF5FC}.Debug|Any CPU.Build.0 = Debug|Any CPU
		{2B23F3DB-51DB-4B00-897E-6A13920FF5FC}.Release|Any CPU.ActiveCfg = Release|Any CPU
		{2B23F3DB-51DB-4B00-897E-6A13920FF5FC}.Release|Any CPU.Build.0 = Release|Any CPU
		{D0BD4050-5216-4E90-A6CD-46DFD7AEC421}.Debug|Any CPU.ActiveCfg = Debug|Any CPU
		{D0BD4050-5216-4E90-A6CD-46DFD7AEC421}.Debug|Any CPU.Build.0 = Debug|Any CPU
		{D0BD4050-5216-4E90-A6CD-46DFD7AEC421}.Release|Any CPU.ActiveCfg = Release|Any CPU
		{D0BD4050-5216-4E90-A6CD-46DFD7AEC421}.Release|Any CPU.Build.0 = Release|Any CPU
		{CD9D327B-E903-44DB-AA0E-AC92E82E3634}.Debug|Any CPU.ActiveCfg = Debug|Any CPU
		{CD9D327B-E903-44DB-AA0E-AC92E82E3634}.Debug|Any CPU.Build.0 = Debug|Any CPU
		{CD9D327B-E903-44DB-AA0E-AC92E82E3634}.Release|Any CPU.ActiveCfg = Release|Any CPU
		{CD9D327B-E903-44DB-AA0E-AC92E82E3634}.Release|Any CPU.Build.0 = Release|Any CPU
		{660AA7D6-F0E4-4D54-8F8C-008221065BC5}.Debug|Any CPU.ActiveCfg = Debug|Any CPU
		{660AA7D6-F0E4-4D54-8F8C-008221065BC5}.Debug|Any CPU.Build.0 = Debug|Any CPU
		{660AA7D6-F0E4-4D54-8F8C-008221065BC5}.Release|Any CPU.ActiveCfg = Release|Any CPU
		{660AA7D6-F0E4-4D54-8F8C-008221065BC5}.Release|Any CPU.Build.0 = Release|Any CPU
		{D59EAD1D-0CFA-4722-86C9-FD41ECADD489}.Debug|Any CPU.ActiveCfg = Debug|Any CPU
		{D59EAD1D-0CFA-4722-86C9-FD41ECADD489}.Debug|Any CPU.Build.0 = Debug|Any CPU
		{D59EAD1D-0CFA-4722-86C9-FD41ECADD489}.Release|Any CPU.ActiveCfg = Release|Any CPU
		{D59EAD1D-0CFA-4722-86C9-FD41ECADD489}.Release|Any CPU.Build.0 = Release|Any CPU
		{29AFCE36-AC47-4429-8233-092ACCEDDC52}.Debug|Any CPU.ActiveCfg = Debug|Any CPU
		{29AFCE36-AC47-4429-8233-092ACCEDDC52}.Debug|Any CPU.Build.0 = Debug|Any CPU
		{29AFCE36-AC47-4429-8233-092ACCEDDC52}.Release|Any CPU.ActiveCfg = Release|Any CPU
		{29AFCE36-AC47-4429-8233-092ACCEDDC52}.Release|Any CPU.Build.0 = Release|Any CPU
		{5D3E4BD1-A1D3-4689-8413-344D6550B21E}.Debug|Any CPU.ActiveCfg = Debug|Any CPU
		{5D3E4BD1-A1D3-4689-8413-344D6550B21E}.Debug|Any CPU.Build.0 = Debug|Any CPU
		{5D3E4BD1-A1D3-4689-8413-344D6550B21E}.Release|Any CPU.ActiveCfg = Release|Any CPU
		{5D3E4BD1-A1D3-4689-8413-344D6550B21E}.Release|Any CPU.Build.0 = Release|Any CPU
		{0D7A9EBF-35DF-47C9-9E5C-B6B6349ACCD6}.Debug|Any CPU.ActiveCfg = Debug|Any CPU
		{0D7A9EBF-35DF-47C9-9E5C-B6B6349ACCD6}.Debug|Any CPU.Build.0 = Debug|Any CPU
		{0D7A9EBF-35DF-47C9-9E5C-B6B6349ACCD6}.Release|Any CPU.ActiveCfg = Release|Any CPU
		{0D7A9EBF-35DF-47C9-9E5C-B6B6349ACCD6}.Release|Any CPU.Build.0 = Release|Any CPU
		{2B972F45-3F70-479E-8126-7B0CA18DE5D3}.Debug|Any CPU.ActiveCfg = Debug|Any CPU
		{2B972F45-3F70-479E-8126-7B0CA18DE5D3}.Debug|Any CPU.Build.0 = Debug|Any CPU
		{2B972F45-3F70-479E-8126-7B0CA18DE5D3}.Release|Any CPU.ActiveCfg = Release|Any CPU
		{2B972F45-3F70-479E-8126-7B0CA18DE5D3}.Release|Any CPU.Build.0 = Release|Any CPU
		{7646BED2-7080-4D0B-8962-791AB30D249F}.Debug|Any CPU.ActiveCfg = Debug|Any CPU
		{7646BED2-7080-4D0B-8962-791AB30D249F}.Debug|Any CPU.Build.0 = Debug|Any CPU
		{7646BED2-7080-4D0B-8962-791AB30D249F}.Release|Any CPU.ActiveCfg = Release|Any CPU
		{7646BED2-7080-4D0B-8962-791AB30D249F}.Release|Any CPU.Build.0 = Release|Any CPU
		{68CF6F65-1065-4859-9A0E-304C3FD9850C}.Debug|Any CPU.ActiveCfg = Debug|Any CPU
		{68CF6F65-1065-4859-9A0E-304C3FD9850C}.Debug|Any CPU.Build.0 = Debug|Any CPU
		{68CF6F65-1065-4859-9A0E-304C3FD9850C}.Release|Any CPU.ActiveCfg = Release|Any CPU
		{68CF6F65-1065-4859-9A0E-304C3FD9850C}.Release|Any CPU.Build.0 = Release|Any CPU
		{C0F01149-6B46-4EB5-9864-1BDC16BBCBB2}.Debug|Any CPU.ActiveCfg = Debug|Any CPU
		{C0F01149-6B46-4EB5-9864-1BDC16BBCBB2}.Debug|Any CPU.Build.0 = Debug|Any CPU
		{C0F01149-6B46-4EB5-9864-1BDC16BBCBB2}.Release|Any CPU.ActiveCfg = Release|Any CPU
		{C0F01149-6B46-4EB5-9864-1BDC16BBCBB2}.Release|Any CPU.Build.0 = Release|Any CPU
		{A05A1519-5052-47DD-86D1-0352CEC77FA4}.Debug|Any CPU.ActiveCfg = Debug|Any CPU
		{A05A1519-5052-47DD-86D1-0352CEC77FA4}.Debug|Any CPU.Build.0 = Debug|Any CPU
		{A05A1519-5052-47DD-86D1-0352CEC77FA4}.Release|Any CPU.ActiveCfg = Release|Any CPU
		{A05A1519-5052-47DD-86D1-0352CEC77FA4}.Release|Any CPU.Build.0 = Release|Any CPU
		{60F7F89A-B559-48DF-B80E-B84200C2DA47}.Debug|Any CPU.ActiveCfg = Debug|Any CPU
		{60F7F89A-B559-48DF-B80E-B84200C2DA47}.Debug|Any CPU.Build.0 = Debug|Any CPU
		{60F7F89A-B559-48DF-B80E-B84200C2DA47}.Release|Any CPU.ActiveCfg = Release|Any CPU
		{60F7F89A-B559-48DF-B80E-B84200C2DA47}.Release|Any CPU.Build.0 = Release|Any CPU
		{644A1FAB-ECB8-4B5C-A613-EE9ED68AAEC4}.Debug|Any CPU.ActiveCfg = Debug|Any CPU
		{644A1FAB-ECB8-4B5C-A613-EE9ED68AAEC4}.Debug|Any CPU.Build.0 = Debug|Any CPU
		{644A1FAB-ECB8-4B5C-A613-EE9ED68AAEC4}.Release|Any CPU.ActiveCfg = Release|Any CPU
		{644A1FAB-ECB8-4B5C-A613-EE9ED68AAEC4}.Release|Any CPU.Build.0 = Release|Any CPU
		{C69EBE89-2834-438D-9187-70B82453BBFA}.Debug|Any CPU.ActiveCfg = Debug|Any CPU
		{C69EBE89-2834-438D-9187-70B82453BBFA}.Debug|Any CPU.Build.0 = Debug|Any CPU
		{C69EBE89-2834-438D-9187-70B82453BBFA}.Release|Any CPU.ActiveCfg = Release|Any CPU
		{C69EBE89-2834-438D-9187-70B82453BBFA}.Release|Any CPU.Build.0 = Release|Any CPU
		{02B4AF48-8B7F-4321-8183-B63130B9DD17}.Debug|Any CPU.ActiveCfg = Debug|Any CPU
		{02B4AF48-8B7F-4321-8183-B63130B9DD17}.Debug|Any CPU.Build.0 = Debug|Any CPU
		{02B4AF48-8B7F-4321-8183-B63130B9DD17}.Release|Any CPU.ActiveCfg = Release|Any CPU
		{02B4AF48-8B7F-4321-8183-B63130B9DD17}.Release|Any CPU.Build.0 = Release|Any CPU
		{5415F5BE-F76D-45C4-B006-EC87DB687160}.Debug|Any CPU.ActiveCfg = Debug|Any CPU
		{5415F5BE-F76D-45C4-B006-EC87DB687160}.Debug|Any CPU.Build.0 = Debug|Any CPU
		{5415F5BE-F76D-45C4-B006-EC87DB687160}.Release|Any CPU.ActiveCfg = Release|Any CPU
		{5415F5BE-F76D-45C4-B006-EC87DB687160}.Release|Any CPU.Build.0 = Release|Any CPU
		{DA71AAB0-06ED-4652-AC1F-6BE43BAD9B28}.Debug|Any CPU.ActiveCfg = Debug|Any CPU
		{DA71AAB0-06ED-4652-AC1F-6BE43BAD9B28}.Debug|Any CPU.Build.0 = Debug|Any CPU
		{DA71AAB0-06ED-4652-AC1F-6BE43BAD9B28}.Release|Any CPU.ActiveCfg = Release|Any CPU
		{DA71AAB0-06ED-4652-AC1F-6BE43BAD9B28}.Release|Any CPU.Build.0 = Release|Any CPU
		{C2E61C06-5BFA-4A9D-8086-AF0CA498B0B1}.Debug|Any CPU.ActiveCfg = Debug|Any CPU
		{C2E61C06-5BFA-4A9D-8086-AF0CA498B0B1}.Debug|Any CPU.Build.0 = Debug|Any CPU
		{C2E61C06-5BFA-4A9D-8086-AF0CA498B0B1}.Release|Any CPU.ActiveCfg = Release|Any CPU
		{C2E61C06-5BFA-4A9D-8086-AF0CA498B0B1}.Release|Any CPU.Build.0 = Release|Any CPU
		{DECF5CA0-7837-40B4-8548-120C94954306}.Debug|Any CPU.ActiveCfg = Debug|Any CPU
		{DECF5CA0-7837-40B4-8548-120C94954306}.Debug|Any CPU.Build.0 = Debug|Any CPU
		{DECF5CA0-7837-40B4-8548-120C94954306}.Release|Any CPU.ActiveCfg = Release|Any CPU
		{DECF5CA0-7837-40B4-8548-120C94954306}.Release|Any CPU.Build.0 = Release|Any CPU
		{C23636BE-2FF4-41D4-B52B-926A50A9BB88}.Debug|Any CPU.ActiveCfg = Debug|Any CPU
		{C23636BE-2FF4-41D4-B52B-926A50A9BB88}.Debug|Any CPU.Build.0 = Debug|Any CPU
		{C23636BE-2FF4-41D4-B52B-926A50A9BB88}.Release|Any CPU.ActiveCfg = Release|Any CPU
		{C23636BE-2FF4-41D4-B52B-926A50A9BB88}.Release|Any CPU.Build.0 = Release|Any CPU
		{B65E4812-02D3-42DD-BE33-2C618C0C8AD6}.Debug|Any CPU.ActiveCfg = Debug|Any CPU
		{B65E4812-02D3-42DD-BE33-2C618C0C8AD6}.Debug|Any CPU.Build.0 = Debug|Any CPU
		{B65E4812-02D3-42DD-BE33-2C618C0C8AD6}.Release|Any CPU.ActiveCfg = Release|Any CPU
		{B65E4812-02D3-42DD-BE33-2C618C0C8AD6}.Release|Any CPU.Build.0 = Release|Any CPU
		{3F3CA40A-E66F-4F38-B705-2893442BDACA}.Debug|Any CPU.ActiveCfg = Debug|Any CPU
		{3F3CA40A-E66F-4F38-B705-2893442BDACA}.Debug|Any CPU.Build.0 = Debug|Any CPU
		{3F3CA40A-E66F-4F38-B705-2893442BDACA}.Release|Any CPU.ActiveCfg = Release|Any CPU
		{3F3CA40A-E66F-4F38-B705-2893442BDACA}.Release|Any CPU.Build.0 = Release|Any CPU
		{87AB52AB-29C4-44CF-9658-194C96EA12C3}.Debug|Any CPU.ActiveCfg = Debug|Any CPU
		{87AB52AB-29C4-44CF-9658-194C96EA12C3}.Debug|Any CPU.Build.0 = Debug|Any CPU
		{87AB52AB-29C4-44CF-9658-194C96EA12C3}.Release|Any CPU.ActiveCfg = Release|Any CPU
		{87AB52AB-29C4-44CF-9658-194C96EA12C3}.Release|Any CPU.Build.0 = Release|Any CPU
		{8B1B2C22-3E14-4D4C-BC18-1E5EDF08662B}.Debug|Any CPU.ActiveCfg = Debug|Any CPU
		{8B1B2C22-3E14-4D4C-BC18-1E5EDF08662B}.Debug|Any CPU.Build.0 = Debug|Any CPU
		{8B1B2C22-3E14-4D4C-BC18-1E5EDF08662B}.Release|Any CPU.ActiveCfg = Release|Any CPU
		{8B1B2C22-3E14-4D4C-BC18-1E5EDF08662B}.Release|Any CPU.Build.0 = Release|Any CPU
		{AAD3C8D5-A183-4BCC-A37C-8C91A70CE069}.Debug|Any CPU.ActiveCfg = Debug|Any CPU
		{AAD3C8D5-A183-4BCC-A37C-8C91A70CE069}.Debug|Any CPU.Build.0 = Debug|Any CPU
		{AAD3C8D5-A183-4BCC-A37C-8C91A70CE069}.Release|Any CPU.ActiveCfg = Release|Any CPU
		{AAD3C8D5-A183-4BCC-A37C-8C91A70CE069}.Release|Any CPU.Build.0 = Release|Any CPU
		{19639286-6D8A-40E1-8477-B9436A3608B7}.Debug|Any CPU.ActiveCfg = Debug|Any CPU
		{19639286-6D8A-40E1-8477-B9436A3608B7}.Debug|Any CPU.Build.0 = Debug|Any CPU
		{19639286-6D8A-40E1-8477-B9436A3608B7}.Release|Any CPU.ActiveCfg = Release|Any CPU
		{19639286-6D8A-40E1-8477-B9436A3608B7}.Release|Any CPU.Build.0 = Release|Any CPU
		{BE2E910D-5BE7-4890-BF2F-ACC8B85D7C8E}.Debug|Any CPU.ActiveCfg = Debug|Any CPU
		{BE2E910D-5BE7-4890-BF2F-ACC8B85D7C8E}.Debug|Any CPU.Build.0 = Debug|Any CPU
		{BE2E910D-5BE7-4890-BF2F-ACC8B85D7C8E}.Release|Any CPU.ActiveCfg = Release|Any CPU
		{BE2E910D-5BE7-4890-BF2F-ACC8B85D7C8E}.Release|Any CPU.Build.0 = Release|Any CPU
		{141966E1-9573-44A7-BF49-94EAC0A58D5B}.Debug|Any CPU.ActiveCfg = Debug|Any CPU
		{141966E1-9573-44A7-BF49-94EAC0A58D5B}.Debug|Any CPU.Build.0 = Debug|Any CPU
		{141966E1-9573-44A7-BF49-94EAC0A58D5B}.Release|Any CPU.ActiveCfg = Release|Any CPU
		{141966E1-9573-44A7-BF49-94EAC0A58D5B}.Release|Any CPU.Build.0 = Release|Any CPU
		{525CFBC4-3B67-48E9-8A2A-B10297322C67}.Debug|Any CPU.ActiveCfg = Debug|Any CPU
		{525CFBC4-3B67-48E9-8A2A-B10297322C67}.Debug|Any CPU.Build.0 = Debug|Any CPU
		{525CFBC4-3B67-48E9-8A2A-B10297322C67}.Release|Any CPU.ActiveCfg = Release|Any CPU
		{525CFBC4-3B67-48E9-8A2A-B10297322C67}.Release|Any CPU.Build.0 = Release|Any CPU
		{970324D3-722A-441D-A458-812DD70A226A}.Debug|Any CPU.ActiveCfg = Debug|Any CPU
		{970324D3-722A-441D-A458-812DD70A226A}.Debug|Any CPU.Build.0 = Debug|Any CPU
		{970324D3-722A-441D-A458-812DD70A226A}.Release|Any CPU.ActiveCfg = Release|Any CPU
		{970324D3-722A-441D-A458-812DD70A226A}.Release|Any CPU.Build.0 = Release|Any CPU
		{33DC1600-B901-4EED-B1D7-4BEA2E558CB4}.Debug|Any CPU.ActiveCfg = Debug|Any CPU
		{33DC1600-B901-4EED-B1D7-4BEA2E558CB4}.Debug|Any CPU.Build.0 = Debug|Any CPU
		{33DC1600-B901-4EED-B1D7-4BEA2E558CB4}.Release|Any CPU.ActiveCfg = Release|Any CPU
		{33DC1600-B901-4EED-B1D7-4BEA2E558CB4}.Release|Any CPU.Build.0 = Release|Any CPU
		{B8FA41E6-CAAC-42D9-ADBA-33EBF4DAA2B8}.Debug|Any CPU.ActiveCfg = Debug|Any CPU
		{B8FA41E6-CAAC-42D9-ADBA-33EBF4DAA2B8}.Debug|Any CPU.Build.0 = Debug|Any CPU
		{B8FA41E6-CAAC-42D9-ADBA-33EBF4DAA2B8}.Release|Any CPU.ActiveCfg = Release|Any CPU
		{B8FA41E6-CAAC-42D9-ADBA-33EBF4DAA2B8}.Release|Any CPU.Build.0 = Release|Any CPU
		{4AFEAD71-357B-4B20-9008-39922CEF063F}.Debug|Any CPU.ActiveCfg = Debug|Any CPU
		{4AFEAD71-357B-4B20-9008-39922CEF063F}.Debug|Any CPU.Build.0 = Debug|Any CPU
		{4AFEAD71-357B-4B20-9008-39922CEF063F}.Release|Any CPU.ActiveCfg = Release|Any CPU
		{4AFEAD71-357B-4B20-9008-39922CEF063F}.Release|Any CPU.Build.0 = Release|Any CPU
		{A49B025A-35E5-4126-9C5F-0C800DAA5ED9}.Debug|Any CPU.ActiveCfg = Debug|Any CPU
		{A49B025A-35E5-4126-9C5F-0C800DAA5ED9}.Debug|Any CPU.Build.0 = Debug|Any CPU
		{A49B025A-35E5-4126-9C5F-0C800DAA5ED9}.Release|Any CPU.ActiveCfg = Release|Any CPU
		{A49B025A-35E5-4126-9C5F-0C800DAA5ED9}.Release|Any CPU.Build.0 = Release|Any CPU
		{DE5C9F6D-A50A-4615-A0B7-E92CBF403982}.Debug|Any CPU.ActiveCfg = Debug|Any CPU
		{DE5C9F6D-A50A-4615-A0B7-E92CBF403982}.Debug|Any CPU.Build.0 = Debug|Any CPU
		{DE5C9F6D-A50A-4615-A0B7-E92CBF403982}.Release|Any CPU.ActiveCfg = Release|Any CPU
		{DE5C9F6D-A50A-4615-A0B7-E92CBF403982}.Release|Any CPU.Build.0 = Release|Any CPU
	EndGlobalSection
	GlobalSection(SolutionProperties) = preSolution
		HideSolutionNode = FALSE
	EndGlobalSection
	GlobalSection(NestedProjects) = preSolution
		{682855A7-3F8D-4879-9DB1-0815869CF76C} = {8F4397B4-6C4A-491B-9573-4DE2EF522F2F}
		{D516A17E-E81B-41AD-BA93-CBD7BF99EB6C} = {8F4397B4-6C4A-491B-9573-4DE2EF522F2F}
		{F106AEF8-05B5-4102-8E1A-0AD5F4E66FC1} = {D516A17E-E81B-41AD-BA93-CBD7BF99EB6C}
		{D7661DDB-5864-4C34-9598-AB83E471E7B7} = {F106AEF8-05B5-4102-8E1A-0AD5F4E66FC1}
		{7E3498CF-331D-46F0-92D4-9B3E2B4C31F8} = {F106AEF8-05B5-4102-8E1A-0AD5F4E66FC1}
		{7025A28C-55C1-483E-A895-45E26C0A27EF} = {F106AEF8-05B5-4102-8E1A-0AD5F4E66FC1}
		{FE6B6CB3-817F-4D0E-BF7F-824F0ACDE2C4} = {D516A17E-E81B-41AD-BA93-CBD7BF99EB6C}
		{AA494218-9072-4D06-9B99-C7EB7EC623B8} = {FE6B6CB3-817F-4D0E-BF7F-824F0ACDE2C4}
		{2B23F3DB-51DB-4B00-897E-6A13920FF5FC} = {FE6B6CB3-817F-4D0E-BF7F-824F0ACDE2C4}
		{D0BD4050-5216-4E90-A6CD-46DFD7AEC421} = {FE6B6CB3-817F-4D0E-BF7F-824F0ACDE2C4}
		{CD9D327B-E903-44DB-AA0E-AC92E82E3634} = {FE6B6CB3-817F-4D0E-BF7F-824F0ACDE2C4}
		{8F4BB261-1C75-4EBD-826D-EE6D2B34FDC0} = {8F4397B4-6C4A-491B-9573-4DE2EF522F2F}
		{99E577BC-A6DE-4BB7-B4BF-FE6F2FD79993} = {8F4397B4-6C4A-491B-9573-4DE2EF522F2F}
		{A9214453-81EC-4709-B1C5-293EEEA59A1C} = {8F4397B4-6C4A-491B-9573-4DE2EF522F2F}
		{54F4E2C4-1B38-43B6-86EA-9A0778F9D980} = {8F4397B4-6C4A-491B-9573-4DE2EF522F2F}
		{3D6E999E-89B5-4685-9F43-A2FE6DD1F863} = {A9214453-81EC-4709-B1C5-293EEEA59A1C}
		{660AA7D6-F0E4-4D54-8F8C-008221065BC5} = {F106AEF8-05B5-4102-8E1A-0AD5F4E66FC1}
		{D59EAD1D-0CFA-4722-86C9-FD41ECADD489} = {F106AEF8-05B5-4102-8E1A-0AD5F4E66FC1}
		{29AFCE36-AC47-4429-8233-092ACCEDDC52} = {F106AEF8-05B5-4102-8E1A-0AD5F4E66FC1}
		{5D3E4BD1-A1D3-4689-8413-344D6550B21E} = {F106AEF8-05B5-4102-8E1A-0AD5F4E66FC1}
		{0D7A9EBF-35DF-47C9-9E5C-B6B6349ACCD6} = {F106AEF8-05B5-4102-8E1A-0AD5F4E66FC1}
		{2B972F45-3F70-479E-8126-7B0CA18DE5D3} = {F106AEF8-05B5-4102-8E1A-0AD5F4E66FC1}
		{816342A0-E93E-4670-AEBE-86FCB1D07FB7} = {C7B7CAD3-2B6B-4061-B7EA-219F5D84F136}
		{7646BED2-7080-4D0B-8962-791AB30D249F} = {816342A0-E93E-4670-AEBE-86FCB1D07FB7}
		{68CF6F65-1065-4859-9A0E-304C3FD9850C} = {816342A0-E93E-4670-AEBE-86FCB1D07FB7}
		{C0F01149-6B46-4EB5-9864-1BDC16BBCBB2} = {816342A0-E93E-4670-AEBE-86FCB1D07FB7}
		{A05A1519-5052-47DD-86D1-0352CEC77FA4} = {816342A0-E93E-4670-AEBE-86FCB1D07FB7}
		{60F7F89A-B559-48DF-B80E-B84200C2DA47} = {816342A0-E93E-4670-AEBE-86FCB1D07FB7}
		{644A1FAB-ECB8-4B5C-A613-EE9ED68AAEC4} = {816342A0-E93E-4670-AEBE-86FCB1D07FB7}
		{7E2964FB-5590-46CF-8FB9-D4B874DBCBA1} = {C7B7CAD3-2B6B-4061-B7EA-219F5D84F136}
		{C69EBE89-2834-438D-9187-70B82453BBFA} = {7E2964FB-5590-46CF-8FB9-D4B874DBCBA1}
		{02B4AF48-8B7F-4321-8183-B63130B9DD17} = {7E2964FB-5590-46CF-8FB9-D4B874DBCBA1}
		{D2F4C66B-B944-4E02-9449-D37007FCFBC1} = {C7B7CAD3-2B6B-4061-B7EA-219F5D84F136}
		{5415F5BE-F76D-45C4-B006-EC87DB687160} = {D2F4C66B-B944-4E02-9449-D37007FCFBC1}
		{16D0ACBC-1579-4B67-9130-E740C8F4E78E} = {C7B7CAD3-2B6B-4061-B7EA-219F5D84F136}
		{DA71AAB0-06ED-4652-AC1F-6BE43BAD9B28} = {16D0ACBC-1579-4B67-9130-E740C8F4E78E}
		{C2E61C06-5BFA-4A9D-8086-AF0CA498B0B1} = {816342A0-E93E-4670-AEBE-86FCB1D07FB7}
		{DECF5CA0-7837-40B4-8548-120C94954306} = {D8EB5F4C-EFA6-4150-B65E-446021D42880}
		{C23636BE-2FF4-41D4-B52B-926A50A9BB88} = {D8EB5F4C-EFA6-4150-B65E-446021D42880}
		{B65E4812-02D3-42DD-BE33-2C618C0C8AD6} = {D8EB5F4C-EFA6-4150-B65E-446021D42880}
		{3F3CA40A-E66F-4F38-B705-2893442BDACA} = {D516A17E-E81B-41AD-BA93-CBD7BF99EB6C}
		{87AB52AB-29C4-44CF-9658-194C96EA12C3} = {8F4BB261-1C75-4EBD-826D-EE6D2B34FDC0}
		{8B1B2C22-3E14-4D4C-BC18-1E5EDF08662B} = {54F4E2C4-1B38-43B6-86EA-9A0778F9D980}
		{AAD3C8D5-A183-4BCC-A37C-8C91A70CE069} = {99E577BC-A6DE-4BB7-B4BF-FE6F2FD79993}
		{19639286-6D8A-40E1-8477-B9436A3608B7} = {3D6E999E-89B5-4685-9F43-A2FE6DD1F863}
		{BE2E910D-5BE7-4890-BF2F-ACC8B85D7C8E} = {682855A7-3F8D-4879-9DB1-0815869CF76C}
		{141966E1-9573-44A7-BF49-94EAC0A58D5B} = {682855A7-3F8D-4879-9DB1-0815869CF76C}
		{525CFBC4-3B67-48E9-8A2A-B10297322C67} = {A9214453-81EC-4709-B1C5-293EEEA59A1C}
		{970324D3-722A-441D-A458-812DD70A226A} = {D516A17E-E81B-41AD-BA93-CBD7BF99EB6C}
		{91DC0E4E-9C21-46A2-9994-74D1573BB892} = {8F4397B4-6C4A-491B-9573-4DE2EF522F2F}
		{685613AA-6962-4BD4-9595-0912C165B431} = {91DC0E4E-9C21-46A2-9994-74D1573BB892}
		{F3D3846F-972A-4B10-BCDB-C9FC86CBDB4A} = {8F4397B4-6C4A-491B-9573-4DE2EF522F2F}
		{33DC1600-B901-4EED-B1D7-4BEA2E558CB4} = {685613AA-6962-4BD4-9595-0912C165B431}
		{B8FA41E6-CAAC-42D9-ADBA-33EBF4DAA2B8} = {F3D3846F-972A-4B10-BCDB-C9FC86CBDB4A}
		{26EF108A-DA90-4F8D-976C-6050FE675AF9} = {8F4397B4-6C4A-491B-9573-4DE2EF522F2F}
		{4AFEAD71-357B-4B20-9008-39922CEF063F} = {26EF108A-DA90-4F8D-976C-6050FE675AF9}
		{DA6BAAB2-7508-4289-9AEC-2C7CE03BEF92} = {91DC0E4E-9C21-46A2-9994-74D1573BB892}
		{A49B025A-35E5-4126-9C5F-0C800DAA5ED9} = {DA6BAAB2-7508-4289-9AEC-2C7CE03BEF92}
		{24299046-FD37-41A5-8647-EBBA92FE97C9} = {8F4397B4-6C4A-491B-9573-4DE2EF522F2F}
		{DE5C9F6D-A50A-4615-A0B7-E92CBF403982} = {24299046-FD37-41A5-8647-EBBA92FE97C9}
	EndGlobalSection
	GlobalSection(ExtensibilityGlobals) = postSolution
		SolutionGuid = {239EFCEC-1809-4190-B428-490F43EC18E1}
	EndGlobalSection
EndGlobal
