
Microsoft Visual Studio Solution File, Format Version 12.00
# Visual Studio Version 17
VisualStudioVersion = 17.6.33829.357
MinimumVisualStudioVersion = 10.0.40219.1
Project("{FAE04EC0-301F-11D3-BF4B-00C04F79EFBC}") = "OFood.Domain", "OFood.Domain\OFood.Domain.csproj", "{4112CD3D-E5BB-4186-B555-060E730F8411}"
EndProject
Global
	GlobalSection(SolutionConfigurationPlatforms) = preSolution
		Debug|Any CPU = Debug|Any CPU
		Release|Any CPU = Release|Any CPU
	EndGlobalSection
	GlobalSection(ProjectConfigurationPlatforms) = postSolution
		{4112CD3D-E5BB-4186-B555-060E730F8411}.Debug|Any CPU.ActiveCfg = Debug|Any CPU
		{4112CD3D-E5BB-4186-B555-060E730F8411}.Debug|Any CPU.Build.0 = Debug|Any CPU
		{4112CD3D-E5BB-4186-B555-060E730F8411}.Release|Any CPU.ActiveCfg = Release|Any CPU
		{4112CD3D-E5BB-4186-B555-060E730F8411}.Release|Any CPU.Build.0 = Release|Any CPU
	EndGlobalSection
	GlobalSection(SolutionProperties) = preSolution
		HideSolutionNode = FALSE
	EndGlobalSection
	GlobalSection(ExtensibilityGlobals) = postSolution
		SolutionGuid = {2C1F589C-CB90-4A99-893E-692D9F9F12DA}
	EndGlobalSection
EndGlobal
